
Microsoft Visual Studio Solution File, Format Version 12.00
# Visual Studio Version 17
VisualStudioVersion = 17.0.31903.59
MinimumVisualStudioVersion = 10.0.40219.1
Project("{2150E333-8FDC-42A3-9474-1A3956D46DE8}") = "src", "src", "{CBC5FC7F-E2DD-47BC-969E-93567DE67AA5}"
EndProject
Project("{9A19103F-16F7-4668-BE54-9A1E7A4F7556}") = "YourTutor.Mvc", "src\YourTutor.Mvc\YourTutor.Mvc.csproj", "{BFA377BB-B097-4BA7-9D10-1922C6234159}"
EndProject
Project("{9A19103F-16F7-4668-BE54-9A1E7A4F7556}") = "YourTutor.Core", "src\YourTutor.Core\YourTutor.Core.csproj", "{B18D03E5-C0B8-4785-9833-250C882C58A9}"
EndProject
Project("{9A19103F-16F7-4668-BE54-9A1E7A4F7556}") = "YourTutor.Application", "src\YourTutor.Application\YourTutor.Application.csproj", "{37493216-0915-4801-B382-CC5CD2AD8F8B}"
EndProject
Project("{9A19103F-16F7-4668-BE54-9A1E7A4F7556}") = "YourTutor.Infrastructure", "src\YourTutor.Infrastructure\YourTutor.Infrastructure.csproj", "{42122B61-758B-47D5-9461-CAC8A4727249}"
EndProject
Project("{2150E333-8FDC-42A3-9474-1A3956D46DE8}") = "tests", "tests", "{94E81516-4EFB-4C9C-9CFC-0A10BE895320}"
EndProject
Project("{9A19103F-16F7-4668-BE54-9A1E7A4F7556}") = "YourTutor.Tests.Unit", "tests\YourTutor.Tests.Unit\YourTutor.Tests.Unit.csproj", "{A2DC3BFB-66B7-4AC6-8D98-00A97458706A}"
EndProject
Project("{FAE04EC0-301F-11D3-BF4B-00C04F79EFBC}") = "YourTutor.Tests.Integration", "tests\YourTutor.Tests.Integration\YourTutor.Tests.Integration.csproj", "{BB97172E-9E37-4797-A88E-5D9B90E7CD5F}"
EndProject
Global
	GlobalSection(SolutionConfigurationPlatforms) = preSolution
		Debug|Any CPU = Debug|Any CPU
		Release|Any CPU = Release|Any CPU
	EndGlobalSection
	GlobalSection(ProjectConfigurationPlatforms) = postSolution
		{BFA377BB-B097-4BA7-9D10-1922C6234159}.Debug|Any CPU.ActiveCfg = Debug|Any CPU
		{BFA377BB-B097-4BA7-9D10-1922C6234159}.Debug|Any CPU.Build.0 = Debug|Any CPU
		{BFA377BB-B097-4BA7-9D10-1922C6234159}.Release|Any CPU.ActiveCfg = Release|Any CPU
		{BFA377BB-B097-4BA7-9D10-1922C6234159}.Release|Any CPU.Build.0 = Release|Any CPU
		{B18D03E5-C0B8-4785-9833-250C882C58A9}.Debug|Any CPU.ActiveCfg = Debug|Any CPU
		{B18D03E5-C0B8-4785-9833-250C882C58A9}.Debug|Any CPU.Build.0 = Debug|Any CPU
		{B18D03E5-C0B8-4785-9833-250C882C58A9}.Release|Any CPU.ActiveCfg = Release|Any CPU
		{B18D03E5-C0B8-4785-9833-250C882C58A9}.Release|Any CPU.Build.0 = Release|Any CPU
		{37493216-0915-4801-B382-CC5CD2AD8F8B}.Debug|Any CPU.ActiveCfg = Debug|Any CPU
		{37493216-0915-4801-B382-CC5CD2AD8F8B}.Debug|Any CPU.Build.0 = Debug|Any CPU
		{37493216-0915-4801-B382-CC5CD2AD8F8B}.Release|Any CPU.ActiveCfg = Release|Any CPU
		{37493216-0915-4801-B382-CC5CD2AD8F8B}.Release|Any CPU.Build.0 = Release|Any CPU
		{42122B61-758B-47D5-9461-CAC8A4727249}.Debug|Any CPU.ActiveCfg = Debug|Any CPU
		{42122B61-758B-47D5-9461-CAC8A4727249}.Debug|Any CPU.Build.0 = Debug|Any CPU
		{42122B61-758B-47D5-9461-CAC8A4727249}.Release|Any CPU.ActiveCfg = Release|Any CPU
		{42122B61-758B-47D5-9461-CAC8A4727249}.Release|Any CPU.Build.0 = Release|Any CPU
		{A2DC3BFB-66B7-4AC6-8D98-00A97458706A}.Debug|Any CPU.ActiveCfg = Debug|Any CPU
		{A2DC3BFB-66B7-4AC6-8D98-00A97458706A}.Debug|Any CPU.Build.0 = Debug|Any CPU
		{A2DC3BFB-66B7-4AC6-8D98-00A97458706A}.Release|Any CPU.ActiveCfg = Release|Any CPU
		{A2DC3BFB-66B7-4AC6-8D98-00A97458706A}.Release|Any CPU.Build.0 = Release|Any CPU
		{BB97172E-9E37-4797-A88E-5D9B90E7CD5F}.Debug|Any CPU.ActiveCfg = Debug|Any CPU
		{BB97172E-9E37-4797-A88E-5D9B90E7CD5F}.Debug|Any CPU.Build.0 = Debug|Any CPU
		{BB97172E-9E37-4797-A88E-5D9B90E7CD5F}.Release|Any CPU.ActiveCfg = Release|Any CPU
		{BB97172E-9E37-4797-A88E-5D9B90E7CD5F}.Release|Any CPU.Build.0 = Release|Any CPU
	EndGlobalSection
	GlobalSection(SolutionProperties) = preSolution
		HideSolutionNode = FALSE
	EndGlobalSection
	GlobalSection(NestedProjects) = preSolution
		{BFA377BB-B097-4BA7-9D10-1922C6234159} = {CBC5FC7F-E2DD-47BC-969E-93567DE67AA5}
		{B18D03E5-C0B8-4785-9833-250C882C58A9} = {CBC5FC7F-E2DD-47BC-969E-93567DE67AA5}
		{37493216-0915-4801-B382-CC5CD2AD8F8B} = {CBC5FC7F-E2DD-47BC-969E-93567DE67AA5}
		{42122B61-758B-47D5-9461-CAC8A4727249} = {CBC5FC7F-E2DD-47BC-969E-93567DE67AA5}
		{A2DC3BFB-66B7-4AC6-8D98-00A97458706A} = {94E81516-4EFB-4C9C-9CFC-0A10BE895320}
		{BB97172E-9E37-4797-A88E-5D9B90E7CD5F} = {94E81516-4EFB-4C9C-9CFC-0A10BE895320}
	EndGlobalSection
	GlobalSection(ExtensibilityGlobals) = postSolution
		SolutionGuid = {9F46CFD8-415F-404B-BD37-16CA04155FA0}
	EndGlobalSection
EndGlobal
